// !$*UTF8*$!
{
	archiveVersion = 1;
	classes = {
	};
	objectVersion = 56;
	objects = {

/* Begin PBXBuildFile section */
		3619742E29057375001F86C6 /* xApp.swift in Sources */ = {isa = PBXBuildFile; fileRef = 3619742D29057375001F86C6 /* xApp.swift */; };
		3619743029057375001F86C6 /* ContentView.swift in Sources */ = {isa = PBXBuildFile; fileRef = 3619742F29057375001F86C6 /* ContentView.swift */; };
		3619743229057375001F86C6 /* Assets.xcassets in Resources */ = {isa = PBXBuildFile; fileRef = 3619743129057375001F86C6 /* Assets.xcassets */; };
		3619743529057375001F86C6 /* Preview Assets.xcassets in Resources */ = {isa = PBXBuildFile; fileRef = 3619743429057375001F86C6 /* Preview Assets.xcassets */; };
		3619743C290573B5001F86C6 /* ViewController.swift in Sources */ = {isa = PBXBuildFile; fileRef = 3619743B290573B5001F86C6 /* ViewController.swift */; };
		3619743E290573CA001F86C6 /* system.swift in Sources */ = {isa = PBXBuildFile; fileRef = 3619743D290573CA001F86C6 /* system.swift */; };
		361974402905750F001F86C6 /* DzienView.swift in Sources */ = {isa = PBXBuildFile; fileRef = 3619743F2905750F001F86C6 /* DzienView.swift */; };
		3619744229057517001F86C6 /* FakturyView.swift in Sources */ = {isa = PBXBuildFile; fileRef = 3619744129057516001F86C6 /* FakturyView.swift */; };
		361974442905751D001F86C6 /* GrafikView.swift in Sources */ = {isa = PBXBuildFile; fileRef = 361974432905751D001F86C6 /* GrafikView.swift */; };
		36197446290698C3001F86C6 /* LoginView.swift in Sources */ = {isa = PBXBuildFile; fileRef = 36197445290698C3001F86C6 /* LoginView.swift */; };
		361974482906A1C4001F86C6 /* LoginViewController.swift in Sources */ = {isa = PBXBuildFile; fileRef = 361974472906A1C4001F86C6 /* LoginViewController.swift */; };
		3619744B290704F1001F86C6 /* FirebaseFirestore in Frameworks */ = {isa = PBXBuildFile; productRef = 3619744A290704F1001F86C6 /* FirebaseFirestore */; };
		3619744D290704F1001F86C6 /* FirebaseStorage in Frameworks */ = {isa = PBXBuildFile; productRef = 3619744C290704F1001F86C6 /* FirebaseStorage */; };
		3619744F29070542001F86C6 /* GoogleService-Info.plist in Resources */ = {isa = PBXBuildFile; fileRef = 3619744E29070540001F86C6 /* GoogleService-Info.plist */; };
		361974542907079A001F86C6 /* Day.swift in Sources */ = {isa = PBXBuildFile; fileRef = 361974502907079A001F86C6 /* Day.swift */; };
		361974562907079A001F86C6 /* Expense.swift in Sources */ = {isa = PBXBuildFile; fileRef = 361974522907079A001F86C6 /* Expense.swift */; };
		361974572907079A001F86C6 /* Raport.swift in Sources */ = {isa = PBXBuildFile; fileRef = 361974532907079A001F86C6 /* Raport.swift */; };
		3619745929070A17001F86C6 /* PickedDayView.swift in Sources */ = {isa = PBXBuildFile; fileRef = 3619745829070A17001F86C6 /* PickedDayView.swift */; };
		3619745B2907D6B7001F86C6 /* User.swift in Sources */ = {isa = PBXBuildFile; fileRef = 3619745A2907D6B7001F86C6 /* User.swift */; };
		3619745D2908A2D5001F86C6 /* Income.swift in Sources */ = {isa = PBXBuildFile; fileRef = 3619745C2908A2D5001F86C6 /* Income.swift */; };
		3664BA3C2923FA710025F8DA /* Faktury.swift in Sources */ = {isa = PBXBuildFile; fileRef = 3664BA3B2923FA710025F8DA /* Faktury.swift */; };
		3664BA3E2926DE9B0025F8DA /* FakturyFirmView.swift in Sources */ = {isa = PBXBuildFile; fileRef = 3664BA3D2926DE9B0025F8DA /* FakturyFirmView.swift */; };
		3664BA402926F4A90025F8DA /* FakturaView.swift in Sources */ = {isa = PBXBuildFile; fileRef = 3664BA3F2926F4A90025F8DA /* FakturaView.swift */; };
		3664BA42292A8F480025F8DA /* DodajFaktureView.swift in Sources */ = {isa = PBXBuildFile; fileRef = 3664BA41292A8F480025F8DA /* DodajFaktureView.swift */; };
		366A7F0F291ABA17007486B3 /* Hours.swift in Sources */ = {isa = PBXBuildFile; fileRef = 366A7F0E291ABA17007486B3 /* Hours.swift */; };
/* End PBXBuildFile section */

/* Begin PBXFileReference section */
		3619742A29057375001F86C6 /* x.app */ = {isa = PBXFileReference; explicitFileType = wrapper.application; includeInIndex = 0; path = x.app; sourceTree = BUILT_PRODUCTS_DIR; };
		3619742D29057375001F86C6 /* xApp.swift */ = {isa = PBXFileReference; lastKnownFileType = sourcecode.swift; path = xApp.swift; sourceTree = "<group>"; };
		3619742F29057375001F86C6 /* ContentView.swift */ = {isa = PBXFileReference; lastKnownFileType = sourcecode.swift; path = ContentView.swift; sourceTree = "<group>"; };
		3619743129057375001F86C6 /* Assets.xcassets */ = {isa = PBXFileReference; lastKnownFileType = folder.assetcatalog; path = Assets.xcassets; sourceTree = "<group>"; };
		3619743429057375001F86C6 /* Preview Assets.xcassets */ = {isa = PBXFileReference; lastKnownFileType = folder.assetcatalog; path = "Preview Assets.xcassets"; sourceTree = "<group>"; };
		3619743B290573B5001F86C6 /* ViewController.swift */ = {isa = PBXFileReference; lastKnownFileType = sourcecode.swift; path = ViewController.swift; sourceTree = "<group>"; };
		3619743D290573CA001F86C6 /* system.swift */ = {isa = PBXFileReference; lastKnownFileType = sourcecode.swift; path = system.swift; sourceTree = "<group>"; };
		3619743F2905750F001F86C6 /* DzienView.swift */ = {isa = PBXFileReference; lastKnownFileType = sourcecode.swift; path = DzienView.swift; sourceTree = "<group>"; };
		3619744129057516001F86C6 /* FakturyView.swift */ = {isa = PBXFileReference; lastKnownFileType = sourcecode.swift; path = FakturyView.swift; sourceTree = "<group>"; };
		361974432905751D001F86C6 /* GrafikView.swift */ = {isa = PBXFileReference; lastKnownFileType = sourcecode.swift; path = GrafikView.swift; sourceTree = "<group>"; };
		36197445290698C3001F86C6 /* LoginView.swift */ = {isa = PBXFileReference; lastKnownFileType = sourcecode.swift; path = LoginView.swift; sourceTree = "<group>"; };
		361974472906A1C4001F86C6 /* LoginViewController.swift */ = {isa = PBXFileReference; lastKnownFileType = sourcecode.swift; path = LoginViewController.swift; sourceTree = "<group>"; };
		3619744E29070540001F86C6 /* GoogleService-Info.plist */ = {isa = PBXFileReference; fileEncoding = 4; lastKnownFileType = text.plist.xml; path = "GoogleService-Info.plist"; sourceTree = "<group>"; };
		361974502907079A001F86C6 /* Day.swift */ = {isa = PBXFileReference; fileEncoding = 4; lastKnownFileType = sourcecode.swift; path = Day.swift; sourceTree = "<group>"; };
		361974522907079A001F86C6 /* Expense.swift */ = {isa = PBXFileReference; fileEncoding = 4; lastKnownFileType = sourcecode.swift; path = Expense.swift; sourceTree = "<group>"; };
		361974532907079A001F86C6 /* Raport.swift */ = {isa = PBXFileReference; fileEncoding = 4; lastKnownFileType = sourcecode.swift; path = Raport.swift; sourceTree = "<group>"; };
		3619745829070A17001F86C6 /* PickedDayView.swift */ = {isa = PBXFileReference; lastKnownFileType = sourcecode.swift; path = PickedDayView.swift; sourceTree = "<group>"; };
		3619745A2907D6B7001F86C6 /* User.swift */ = {isa = PBXFileReference; lastKnownFileType = sourcecode.swift; path = User.swift; sourceTree = "<group>"; };
		3619745C2908A2D5001F86C6 /* Income.swift */ = {isa = PBXFileReference; lastKnownFileType = sourcecode.swift; path = Income.swift; sourceTree = "<group>"; };
		3664BA3B2923FA710025F8DA /* Faktury.swift */ = {isa = PBXFileReference; lastKnownFileType = sourcecode.swift; path = Faktury.swift; sourceTree = "<group>"; };
		3664BA3D2926DE9B0025F8DA /* FakturyFirmView.swift */ = {isa = PBXFileReference; lastKnownFileType = sourcecode.swift; path = FakturyFirmView.swift; sourceTree = "<group>"; };
		3664BA3F2926F4A90025F8DA /* FakturaView.swift */ = {isa = PBXFileReference; lastKnownFileType = sourcecode.swift; path = FakturaView.swift; sourceTree = "<group>"; };
		3664BA41292A8F480025F8DA /* DodajFaktureView.swift */ = {isa = PBXFileReference; lastKnownFileType = sourcecode.swift; path = DodajFaktureView.swift; sourceTree = "<group>"; };
		366A7F0E291ABA17007486B3 /* Hours.swift */ = {isa = PBXFileReference; lastKnownFileType = sourcecode.swift; path = Hours.swift; sourceTree = "<group>"; };
/* End PBXFileReference section */

/* Begin PBXFrameworksBuildPhase section */
		3619742729057375001F86C6 /* Frameworks */ = {
			isa = PBXFrameworksBuildPhase;
			buildActionMask = 2147483647;
			files = (
				3619744B290704F1001F86C6 /* FirebaseFirestore in Frameworks */,
				3619744D290704F1001F86C6 /* FirebaseStorage in Frameworks */,
			);
			runOnlyForDeploymentPostprocessing = 0;
		};
/* End PBXFrameworksBuildPhase section */

/* Begin PBXGroup section */
		3619742129057375001F86C6 = {
			isa = PBXGroup;
			children = (
				3619742C29057375001F86C6 /* x */,
				3619742B29057375001F86C6 /* Products */,
			);
			sourceTree = "<group>";
		};
		3619742B29057375001F86C6 /* Products */ = {
			isa = PBXGroup;
			children = (
				3619742A29057375001F86C6 /* x.app */,
			);
			name = Products;
			sourceTree = "<group>";
		};
		3619742C29057375001F86C6 /* x */ = {
			isa = PBXGroup;
			children = (
				3619742D29057375001F86C6 /* xApp.swift */,
				36197445290698C3001F86C6 /* LoginView.swift */,
				361974472906A1C4001F86C6 /* LoginViewController.swift */,
				3619742F29057375001F86C6 /* ContentView.swift */,
				3619743B290573B5001F86C6 /* ViewController.swift */,
				3619743F2905750F001F86C6 /* DzienView.swift */,
				3619745829070A17001F86C6 /* PickedDayView.swift */,
				3619744129057516001F86C6 /* FakturyView.swift */,
				3664BA3D2926DE9B0025F8DA /* FakturyFirmView.swift */,
				3664BA3F2926F4A90025F8DA /* FakturaView.swift */,
				3664BA41292A8F480025F8DA /* DodajFaktureView.swift */,
				3664BA3B2923FA710025F8DA /* Faktury.swift */,
				361974432905751D001F86C6 /* GrafikView.swift */,
				3619743D290573CA001F86C6 /* system.swift */,
				361974502907079A001F86C6 /* Day.swift */,
				3619745C2908A2D5001F86C6 /* Income.swift */,
				361974522907079A001F86C6 /* Expense.swift */,
				361974532907079A001F86C6 /* Raport.swift */,
				3619745A2907D6B7001F86C6 /* User.swift */,
				366A7F0E291ABA17007486B3 /* Hours.swift */,
				3619743129057375001F86C6 /* Assets.xcassets */,
				3619744E29070540001F86C6 /* GoogleService-Info.plist */,
				3619743329057375001F86C6 /* Preview Content */,
			);
			path = x;
			sourceTree = "<group>";
		};
		3619743329057375001F86C6 /* Preview Content */ = {
			isa = PBXGroup;
			children = (
				3619743429057375001F86C6 /* Preview Assets.xcassets */,
			);
			path = "Preview Content";
			sourceTree = "<group>";
		};
/* End PBXGroup section */

/* Begin PBXNativeTarget section */
		3619742929057375001F86C6 /* x */ = {
			isa = PBXNativeTarget;
			buildConfigurationList = 3619743829057375001F86C6 /* Build configuration list for PBXNativeTarget "x" */;
			buildPhases = (
				3619742629057375001F86C6 /* Sources */,
				3619742729057375001F86C6 /* Frameworks */,
				3619742829057375001F86C6 /* Resources */,
			);
			buildRules = (
			);
			dependencies = (
			);
			name = x;
			packageProductDependencies = (
				3619744A290704F1001F86C6 /* FirebaseFirestore */,
				3619744C290704F1001F86C6 /* FirebaseStorage */,
			);
			productName = x;
			productReference = 3619742A29057375001F86C6 /* x.app */;
			productType = "com.apple.product-type.application";
		};
/* End PBXNativeTarget section */

/* Begin PBXProject section */
		3619742229057375001F86C6 /* Project object */ = {
			isa = PBXProject;
			attributes = {
				BuildIndependentTargetsInParallel = 1;
				LastSwiftUpdateCheck = 1400;
				LastUpgradeCheck = 1400;
				TargetAttributes = {
					3619742929057375001F86C6 = {
						CreatedOnToolsVersion = 14.0;
					};
				};
			};
			buildConfigurationList = 3619742529057375001F86C6 /* Build configuration list for PBXProject "x" */;
			compatibilityVersion = "Xcode 14.0";
			developmentRegion = en;
			hasScannedForEncodings = 0;
			knownRegions = (
				en,
				Base,
			);
			mainGroup = 3619742129057375001F86C6;
			packageReferences = (
				36197449290704F1001F86C6 /* XCRemoteSwiftPackageReference "firebase-ios-sdk" */,
			);
			productRefGroup = 3619742B29057375001F86C6 /* Products */;
			projectDirPath = "";
			projectRoot = "";
			targets = (
				3619742929057375001F86C6 /* x */,
			);
		};
/* End PBXProject section */

/* Begin PBXResourcesBuildPhase section */
		3619742829057375001F86C6 /* Resources */ = {
			isa = PBXResourcesBuildPhase;
			buildActionMask = 2147483647;
			files = (
				3619743529057375001F86C6 /* Preview Assets.xcassets in Resources */,
				3619743229057375001F86C6 /* Assets.xcassets in Resources */,
				3619744F29070542001F86C6 /* GoogleService-Info.plist in Resources */,
			);
			runOnlyForDeploymentPostprocessing = 0;
		};
/* End PBXResourcesBuildPhase section */

/* Begin PBXSourcesBuildPhase section */
		3619742629057375001F86C6 /* Sources */ = {
			isa = PBXSourcesBuildPhase;
			buildActionMask = 2147483647;
			files = (
				361974562907079A001F86C6 /* Expense.swift in Sources */,
				361974482906A1C4001F86C6 /* LoginViewController.swift in Sources */,
				3619745D2908A2D5001F86C6 /* Income.swift in Sources */,
				3619743E290573CA001F86C6 /* system.swift in Sources */,
				3619744229057517001F86C6 /* FakturyView.swift in Sources */,
				361974442905751D001F86C6 /* GrafikView.swift in Sources */,
				3619743C290573B5001F86C6 /* ViewController.swift in Sources */,
				3619743029057375001F86C6 /* ContentView.swift in Sources */,
				3619742E29057375001F86C6 /* xApp.swift in Sources */,
				3619745B2907D6B7001F86C6 /* User.swift in Sources */,
				3664BA3C2923FA710025F8DA /* Faktury.swift in Sources */,
				36197446290698C3001F86C6 /* LoginView.swift in Sources */,
				3664BA42292A8F480025F8DA /* DodajFaktureView.swift in Sources */,
				3619745929070A17001F86C6 /* PickedDayView.swift in Sources */,
				3664BA402926F4A90025F8DA /* FakturaView.swift in Sources */,
				361974572907079A001F86C6 /* Raport.swift in Sources */,
				361974542907079A001F86C6 /* Day.swift in Sources */,
				361974402905750F001F86C6 /* DzienView.swift in Sources */,
				366A7F0F291ABA17007486B3 /* Hours.swift in Sources */,
				3664BA3E2926DE9B0025F8DA /* FakturyFirmView.swift in Sources */,
			);
			runOnlyForDeploymentPostprocessing = 0;
		};
/* End PBXSourcesBuildPhase section */

/* Begin XCBuildConfiguration section */
		3619743629057375001F86C6 /* Debug */ = {
			isa = XCBuildConfiguration;
			buildSettings = {
				ALWAYS_SEARCH_USER_PATHS = NO;
				CLANG_ANALYZER_NONNULL = YES;
				CLANG_ANALYZER_NUMBER_OBJECT_CONVERSION = YES_AGGRESSIVE;
				CLANG_CXX_LANGUAGE_STANDARD = "gnu++20";
				CLANG_ENABLE_MODULES = YES;
				CLANG_ENABLE_OBJC_ARC = YES;
				CLANG_ENABLE_OBJC_WEAK = YES;
				CLANG_WARN_BLOCK_CAPTURE_AUTORELEASING = YES;
				CLANG_WARN_BOOL_CONVERSION = YES;
				CLANG_WARN_COMMA = YES;
				CLANG_WARN_CONSTANT_CONVERSION = YES;
				CLANG_WARN_DEPRECATED_OBJC_IMPLEMENTATIONS = YES;
				CLANG_WARN_DIRECT_OBJC_ISA_USAGE = YES_ERROR;
				CLANG_WARN_DOCUMENTATION_COMMENTS = YES;
				CLANG_WARN_EMPTY_BODY = YES;
				CLANG_WARN_ENUM_CONVERSION = YES;
				CLANG_WARN_INFINITE_RECURSION = YES;
				CLANG_WARN_INT_CONVERSION = YES;
				CLANG_WARN_NON_LITERAL_NULL_CONVERSION = YES;
				CLANG_WARN_OBJC_IMPLICIT_RETAIN_SELF = YES;
				CLANG_WARN_OBJC_LITERAL_CONVERSION = YES;
				CLANG_WARN_OBJC_ROOT_CLASS = YES_ERROR;
				CLANG_WARN_QUOTED_INCLUDE_IN_FRAMEWORK_HEADER = YES;
				CLANG_WARN_RANGE_LOOP_ANALYSIS = YES;
				CLANG_WARN_STRICT_PROTOTYPES = YES;
				CLANG_WARN_SUSPICIOUS_MOVE = YES;
				CLANG_WARN_UNGUARDED_AVAILABILITY = YES_AGGRESSIVE;
				CLANG_WARN_UNREACHABLE_CODE = YES;
				CLANG_WARN__DUPLICATE_METHOD_MATCH = YES;
				COPY_PHASE_STRIP = NO;
				DEBUG_INFORMATION_FORMAT = dwarf;
				ENABLE_STRICT_OBJC_MSGSEND = YES;
				ENABLE_TESTABILITY = YES;
				GCC_C_LANGUAGE_STANDARD = gnu11;
				GCC_DYNAMIC_NO_PIC = NO;
				GCC_NO_COMMON_BLOCKS = YES;
				GCC_OPTIMIZATION_LEVEL = 0;
				GCC_PREPROCESSOR_DEFINITIONS = (
					"DEBUG=1",
					"$(inherited)",
				);
				GCC_WARN_64_TO_32_BIT_CONVERSION = YES;
				GCC_WARN_ABOUT_RETURN_TYPE = YES_ERROR;
				GCC_WARN_UNDECLARED_SELECTOR = YES;
				GCC_WARN_UNINITIALIZED_AUTOS = YES_AGGRESSIVE;
				GCC_WARN_UNUSED_FUNCTION = YES;
				GCC_WARN_UNUSED_VARIABLE = YES;
				IPHONEOS_DEPLOYMENT_TARGET = 16.0;
				MTL_ENABLE_DEBUG_INFO = INCLUDE_SOURCE;
				MTL_FAST_MATH = YES;
				ONLY_ACTIVE_ARCH = YES;
				SDKROOT = iphoneos;
				SWIFT_ACTIVE_COMPILATION_CONDITIONS = DEBUG;
				SWIFT_OPTIMIZATION_LEVEL = "-Onone";
			};
			name = Debug;
		};
		3619743729057375001F86C6 /* Release */ = {
			isa = XCBuildConfiguration;
			buildSettings = {
				ALWAYS_SEARCH_USER_PATHS = NO;
				CLANG_ANALYZER_NONNULL = YES;
				CLANG_ANALYZER_NUMBER_OBJECT_CONVERSION = YES_AGGRESSIVE;
				CLANG_CXX_LANGUAGE_STANDARD = "gnu++20";
				CLANG_ENABLE_MODULES = YES;
				CLANG_ENABLE_OBJC_ARC = YES;
				CLANG_ENABLE_OBJC_WEAK = YES;
				CLANG_WARN_BLOCK_CAPTURE_AUTORELEASING = YES;
				CLANG_WARN_BOOL_CONVERSION = YES;
				CLANG_WARN_COMMA = YES;
				CLANG_WARN_CONSTANT_CONVERSION = YES;
				CLANG_WARN_DEPRECATED_OBJC_IMPLEMENTATIONS = YES;
				CLANG_WARN_DIRECT_OBJC_ISA_USAGE = YES_ERROR;
				CLANG_WARN_DOCUMENTATION_COMMENTS = YES;
				CLANG_WARN_EMPTY_BODY = YES;
				CLANG_WARN_ENUM_CONVERSION = YES;
				CLANG_WARN_INFINITE_RECURSION = YES;
				CLANG_WARN_INT_CONVERSION = YES;
				CLANG_WARN_NON_LITERAL_NULL_CONVERSION = YES;
				CLANG_WARN_OBJC_IMPLICIT_RETAIN_SELF = YES;
				CLANG_WARN_OBJC_LITERAL_CONVERSION = YES;
				CLANG_WARN_OBJC_ROOT_CLASS = YES_ERROR;
				CLANG_WARN_QUOTED_INCLUDE_IN_FRAMEWORK_HEADER = YES;
				CLANG_WARN_RANGE_LOOP_ANALYSIS = YES;
				CLANG_WARN_STRICT_PROTOTYPES = YES;
				CLANG_WARN_SUSPICIOUS_MOVE = YES;
				CLANG_WARN_UNGUARDED_AVAILABILITY = YES_AGGRESSIVE;
				CLANG_WARN_UNREACHABLE_CODE = YES;
				CLANG_WARN__DUPLICATE_METHOD_MATCH = YES;
				COPY_PHASE_STRIP = NO;
				DEBUG_INFORMATION_FORMAT = "dwarf-with-dsym";
				ENABLE_NS_ASSERTIONS = NO;
				ENABLE_STRICT_OBJC_MSGSEND = YES;
				GCC_C_LANGUAGE_STANDARD = gnu11;
				GCC_NO_COMMON_BLOCKS = YES;
				GCC_WARN_64_TO_32_BIT_CONVERSION = YES;
				GCC_WARN_ABOUT_RETURN_TYPE = YES_ERROR;
				GCC_WARN_UNDECLARED_SELECTOR = YES;
				GCC_WARN_UNINITIALIZED_AUTOS = YES_AGGRESSIVE;
				GCC_WARN_UNUSED_FUNCTION = YES;
				GCC_WARN_UNUSED_VARIABLE = YES;
				IPHONEOS_DEPLOYMENT_TARGET = 16.0;
				MTL_ENABLE_DEBUG_INFO = NO;
				MTL_FAST_MATH = YES;
				SDKROOT = iphoneos;
				SWIFT_COMPILATION_MODE = wholemodule;
				SWIFT_OPTIMIZATION_LEVEL = "-O";
				VALIDATE_PRODUCT = YES;
			};
			name = Release;
		};
		3619743929057375001F86C6 /* Debug */ = {
			isa = XCBuildConfiguration;
			buildSettings = {
				ASSETCATALOG_COMPILER_APPICON_NAME = AppIcon;
				ASSETCATALOG_COMPILER_GLOBAL_ACCENT_COLOR_NAME = AccentColor;
				CODE_SIGN_STYLE = Automatic;
				CURRENT_PROJECT_VERSION = 1;
				DEVELOPMENT_ASSET_PATHS = "\"x/Preview Content\"";
				DEVELOPMENT_TEAM = UT547V498F;
				ENABLE_PREVIEWS = YES;
				GENERATE_INFOPLIST_FILE = YES;
				INFOPLIST_KEY_UIApplicationSceneManifest_Generation = YES;
				INFOPLIST_KEY_UIApplicationSupportsIndirectInputEvents = YES;
				INFOPLIST_KEY_UILaunchScreen_Generation = YES;
				INFOPLIST_KEY_UISupportedInterfaceOrientations_iPad = "UIInterfaceOrientationPortrait UIInterfaceOrientationPortraitUpsideDown UIInterfaceOrientationLandscapeLeft UIInterfaceOrientationLandscapeRight";
				INFOPLIST_KEY_UISupportedInterfaceOrientations_iPhone = "UIInterfaceOrientationPortrait UIInterfaceOrientationLandscapeLeft UIInterfaceOrientationLandscapeRight";
				LD_RUNPATH_SEARCH_PATHS = (
					"$(inherited)",
					"@executable_path/Frameworks",
				);
				MARKETING_VERSION = 1.0;
				PRODUCT_BUNDLE_IDENTIFIER = jacobhill.GM;
				PRODUCT_NAME = "$(TARGET_NAME)";
				SWIFT_EMIT_LOC_STRINGS = YES;
				SWIFT_VERSION = 5.0;
				TARGETED_DEVICE_FAMILY = "1,2";
			};
			name = Debug;
		};
		3619743A29057375001F86C6 /* Release */ = {
			isa = XCBuildConfiguration;
			buildSettings = {
				ASSETCATALOG_COMPILER_APPICON_NAME = AppIcon;
				ASSETCATALOG_COMPILER_GLOBAL_ACCENT_COLOR_NAME = AccentColor;
				CODE_SIGN_STYLE = Automatic;
				CURRENT_PROJECT_VERSION = 1;
				DEVELOPMENT_ASSET_PATHS = "\"x/Preview Content\"";
				DEVELOPMENT_TEAM = UT547V498F;
				ENABLE_PREVIEWS = YES;
				GENERATE_INFOPLIST_FILE = YES;
				INFOPLIST_KEY_UIApplicationSceneManifest_Generation = YES;
				INFOPLIST_KEY_UIApplicationSupportsIndirectInputEvents = YES;
				INFOPLIST_KEY_UILaunchScreen_Generation = YES;
				INFOPLIST_KEY_UISupportedInterfaceOrientations_iPad = "UIInterfaceOrientationPortrait UIInterfaceOrientationPortraitUpsideDown UIInterfaceOrientationLandscapeLeft UIInterfaceOrientationLandscapeRight";
				INFOPLIST_KEY_UISupportedInterfaceOrientations_iPhone = "UIInterfaceOrientationPortrait UIInterfaceOrientationLandscapeLeft UIInterfaceOrientationLandscapeRight";
				LD_RUNPATH_SEARCH_PATHS = (
					"$(inherited)",
					"@executable_path/Frameworks",
				);
				MARKETING_VERSION = 1.0;
				PRODUCT_BUNDLE_IDENTIFIER = jacobhill.GM;
				PRODUCT_NAME = "$(TARGET_NAME)";
				SWIFT_EMIT_LOC_STRINGS = YES;
				SWIFT_VERSION = 5.0;
				TARGETED_DEVICE_FAMILY = "1,2";
			};
			name = Release;
		};
/* End XCBuildConfiguration section */

/* Begin XCConfigurationList section */
		3619742529057375001F86C6 /* Build configuration list for PBXProject "x" */ = {
			isa = XCConfigurationList;
			buildConfigurations = (
				3619743629057375001F86C6 /* Debug */,
				3619743729057375001F86C6 /* Release */,
			);
			defaultConfigurationIsVisible = 0;
			defaultConfigurationName = Release;
		};
		3619743829057375001F86C6 /* Build configuration list for PBXNativeTarget "x" */ = {
			isa = XCConfigurationList;
			buildConfigurations = (
				3619743929057375001F86C6 /* Debug */,
				3619743A29057375001F86C6 /* Release */,
			);
			defaultConfigurationIsVisible = 0;
			defaultConfigurationName = Release;
		};
/* End XCConfigurationList section */

/* Begin XCRemoteSwiftPackageReference section */
		36197449290704F1001F86C6 /* XCRemoteSwiftPackageReference "firebase-ios-sdk" */ = {
			isa = XCRemoteSwiftPackageReference;
			repositoryURL = "https://github.com/firebase/firebase-ios-sdk";
			requirement = {
				kind = upToNextMajorVersion;
				minimumVersion = 9.0.0;
			};
		};
/* End XCRemoteSwiftPackageReference section */

/* Begin XCSwiftPackageProductDependency section */
		3619744A290704F1001F86C6 /* FirebaseFirestore */ = {
			isa = XCSwiftPackageProductDependency;
			package = 36197449290704F1001F86C6 /* XCRemoteSwiftPackageReference "firebase-ios-sdk" */;
			productName = FirebaseFirestore;
		};
		3619744C290704F1001F86C6 /* FirebaseStorage */ = {
			isa = XCSwiftPackageProductDependency;
			package = 36197449290704F1001F86C6 /* XCRemoteSwiftPackageReference "firebase-ios-sdk" */;
			productName = FirebaseStorage;
		};
/* End XCSwiftPackageProductDependency section */
	};
	rootObject = 3619742229057375001F86C6 /* Project object */;
}
